// !$*UTF8*$!
{
	archiveVersion = 1;
	classes = {
	};
	objectVersion = 46;
	objects = {

/* Begin PBXBuildFile section */
		4E464C2D138D69D700DBC9AA /* clock_seconds.png in Resources */ = {isa = PBXBuildFile; fileRef = 4E464C2A138D69D700DBC9AA /* clock_seconds.png */; };
		4E464C2E138D69D700DBC9AA /* clock_minute.png in Resources */ = {isa = PBXBuildFile; fileRef = 4E464C2B138D69D700DBC9AA /* clock_minute.png */; };
		4E464C2F138D69D700DBC9AA /* clock_hour.png in Resources */ = {isa = PBXBuildFile; fileRef = 4E464C2C138D69D700DBC9AA /* clock_hour.png */; };
		4E464C33138D707200DBC9AA /* OITClockAnalogHand.m in Sources */ = {isa = PBXBuildFile; fileRef = 4E464C32138D707200DBC9AA /* OITClockAnalogHand.m */; };
		4E464C37138D716A00DBC9AA /* OITAbstractClockElementController.m in Sources */ = {isa = PBXBuildFile; fileRef = 4E464C35138D716900DBC9AA /* OITAbstractClockElementController.m */; };
		4E566E0D138389D100451F6F /* OITComboBoxDataSource.m in Sources */ = {isa = PBXBuildFile; fileRef = 4E566E0C138389D100451F6F /* OITComboBoxDataSource.m */; };
		4E566E151383912F00451F6F /* OITSevenSegmentDigitController.m in Sources */ = {isa = PBXBuildFile; fileRef = 4E566E131383912F00451F6F /* OITSevenSegmentDigitController.m */; };
		4E566E161383912F00451F6F /* OITSevenSegmentDigitController.xib in Resources */ = {isa = PBXBuildFile; fileRef = 4E566E141383912F00451F6F /* OITSevenSegmentDigitController.xib */; };
		4E566E1A1383926D00451F6F /* OITDigitalClockController.m in Sources */ = {isa = PBXBuildFile; fileRef = 4E566E181383926C00451F6F /* OITDigitalClockController.m */; };
		4E566E1B1383926D00451F6F /* OITDigitalClockController.xib in Resources */ = {isa = PBXBuildFile; fileRef = 4E566E191383926C00451F6F /* OITDigitalClockController.xib */; };
		4E566E1F1383927F00451F6F /* OITClockController.m in Sources */ = {isa = PBXBuildFile; fileRef = 4E566E1D1383927F00451F6F /* OITClockController.m */; };
		4E566E201383927F00451F6F /* OITClockController.xib in Resources */ = {isa = PBXBuildFile; fileRef = 4E566E1E1383927F00451F6F /* OITClockController.xib */; };
		4E566E241383945F00451F6F /* OITTimeModel.m in Sources */ = {isa = PBXBuildFile; fileRef = 4E566E231383945F00451F6F /* OITTimeModel.m */; };
		4E8A9063138213500085C6E5 /* OITRootViewController.m in Sources */ = {isa = PBXBuildFile; fileRef = 4E8A9061138213500085C6E5 /* OITRootViewController.m */; };
		4E8A9064138213500085C6E5 /* OITRootViewController.xib in Resources */ = {isa = PBXBuildFile; fileRef = 4E8A9062138213500085C6E5 /* OITRootViewController.xib */; };
		4EB9290213804963005486B1 /* Cocoa.framework in Frameworks */ = {isa = PBXBuildFile; fileRef = 4EB9290113804963005486B1 /* Cocoa.framework */; };
		4EB9290C13804963005486B1 /* InfoPlist.strings in Resources */ = {isa = PBXBuildFile; fileRef = 4EB9290A13804963005486B1 /* InfoPlist.strings */; };
		4EB9290F13804963005486B1 /* main.m in Sources */ = {isa = PBXBuildFile; fileRef = 4EB9290E13804963005486B1 /* main.m */; };
		4EB9291213804963005486B1 /* Credits.rtf in Resources */ = {isa = PBXBuildFile; fileRef = 4EB9291013804963005486B1 /* Credits.rtf */; };
		4EB9291513804963005486B1 /* lab2DasClockAppDelegate.m in Sources */ = {isa = PBXBuildFile; fileRef = 4EB9291413804963005486B1 /* lab2DasClockAppDelegate.m */; };
		4EB9291813804963005486B1 /* MainMenu.xib in Resources */ = {isa = PBXBuildFile; fileRef = 4EB9291613804963005486B1 /* MainMenu.xib */; };
		4EE4A7DC138CD7F200A228ED /* OITDigitalNumberSet.m in Sources */ = {isa = PBXBuildFile; fileRef = 4EE4A7DB138CD7F200A228ED /* OITDigitalNumberSet.m */; };
		4EE4A7E3138CF5C300A228ED /* OITAnalogClockController.m in Sources */ = {isa = PBXBuildFile; fileRef = 4EE4A7E1138CF5C300A228ED /* OITAnalogClockController.m */; };
		4EE4A7E4138CF5C300A228ED /* OITAnalogClockController.xib in Resources */ = {isa = PBXBuildFile; fileRef = 4EE4A7E2138CF5C300A228ED /* OITAnalogClockController.xib */; };
		4EE4A7E6138CFD1E00A228ED /* clock_bg.png in Resources */ = {isa = PBXBuildFile; fileRef = 4EE4A7E5138CFD1E00A228ED /* clock_bg.png */; };
/* End PBXBuildFile section */

/* Begin PBXFileReference section */
		4E464C2A138D69D700DBC9AA /* clock_seconds.png */ = {isa = PBXFileReference; lastKnownFileType = image.png; path = clock_seconds.png; sourceTree = "<group>"; };
		4E464C2B138D69D700DBC9AA /* clock_minute.png */ = {isa = PBXFileReference; lastKnownFileType = image.png; path = clock_minute.png; sourceTree = "<group>"; };
		4E464C2C138D69D700DBC9AA /* clock_hour.png */ = {isa = PBXFileReference; lastKnownFileType = image.png; path = clock_hour.png; sourceTree = "<group>"; };
		4E464C31138D707200DBC9AA /* OITClockAnalogHand.h */ = {isa = PBXFileReference; fileEncoding = 4; lastKnownFileType = sourcecode.c.h; path = OITClockAnalogHand.h; sourceTree = "<group>"; };
		4E464C32138D707200DBC9AA /* OITClockAnalogHand.m */ = {isa = PBXFileReference; fileEncoding = 4; lastKnownFileType = sourcecode.c.objc; path = OITClockAnalogHand.m; sourceTree = "<group>"; };
		4E464C34138D716900DBC9AA /* OITAbstractClockElementController.h */ = {isa = PBXFileReference; fileEncoding = 4; lastKnownFileType = sourcecode.c.h; path = OITAbstractClockElementController.h; sourceTree = "<group>"; };
		4E464C35138D716900DBC9AA /* OITAbstractClockElementController.m */ = {isa = PBXFileReference; fileEncoding = 4; lastKnownFileType = sourcecode.c.objc; path = OITAbstractClockElementController.m; sourceTree = "<group>"; };
		4E566E0B138389D100451F6F /* OITComboBoxDataSource.h */ = {isa = PBXFileReference; fileEncoding = 4; lastKnownFileType = sourcecode.c.h; path = OITComboBoxDataSource.h; sourceTree = "<group>"; };
		4E566E0C138389D100451F6F /* OITComboBoxDataSource.m */ = {isa = PBXFileReference; fileEncoding = 4; lastKnownFileType = sourcecode.c.objc; path = OITComboBoxDataSource.m; sourceTree = "<group>"; };
		4E566E121383912F00451F6F /* OITSevenSegmentDigitController.h */ = {isa = PBXFileReference; fileEncoding = 4; lastKnownFileType = sourcecode.c.h; path = OITSevenSegmentDigitController.h; sourceTree = "<group>"; };
		4E566E131383912F00451F6F /* OITSevenSegmentDigitController.m */ = {isa = PBXFileReference; fileEncoding = 4; lastKnownFileType = sourcecode.c.objc; path = OITSevenSegmentDigitController.m; sourceTree = "<group>"; };
		4E566E141383912F00451F6F /* OITSevenSegmentDigitController.xib */ = {isa = PBXFileReference; fileEncoding = 4; lastKnownFileType = file.xib; path = OITSevenSegmentDigitController.xib; sourceTree = "<group>"; };
		4E566E171383926C00451F6F /* OITDigitalClockController.h */ = {isa = PBXFileReference; fileEncoding = 4; lastKnownFileType = sourcecode.c.h; path = OITDigitalClockController.h; sourceTree = "<group>"; };
		4E566E181383926C00451F6F /* OITDigitalClockController.m */ = {isa = PBXFileReference; fileEncoding = 4; lastKnownFileType = sourcecode.c.objc; path = OITDigitalClockController.m; sourceTree = "<group>"; };
		4E566E191383926C00451F6F /* OITDigitalClockController.xib */ = {isa = PBXFileReference; fileEncoding = 4; lastKnownFileType = file.xib; path = OITDigitalClockController.xib; sourceTree = "<group>"; };
		4E566E1C1383927F00451F6F /* OITClockController.h */ = {isa = PBXFileReference; fileEncoding = 4; lastKnownFileType = sourcecode.c.h; path = OITClockController.h; sourceTree = "<group>"; };
		4E566E1D1383927F00451F6F /* OITClockController.m */ = {isa = PBXFileReference; fileEncoding = 4; lastKnownFileType = sourcecode.c.objc; path = OITClockController.m; sourceTree = "<group>"; };
		4E566E1E1383927F00451F6F /* OITClockController.xib */ = {isa = PBXFileReference; fileEncoding = 4; lastKnownFileType = file.xib; path = OITClockController.xib; sourceTree = "<group>"; };
		4E566E221383945F00451F6F /* OITTimeModel.h */ = {isa = PBXFileReference; fileEncoding = 4; lastKnownFileType = sourcecode.c.h; path = OITTimeModel.h; sourceTree = "<group>"; };
		4E566E231383945F00451F6F /* OITTimeModel.m */ = {isa = PBXFileReference; fileEncoding = 4; lastKnownFileType = sourcecode.c.objc; path = OITTimeModel.m; sourceTree = "<group>"; };
		4E8A9060138213500085C6E5 /* OITRootViewController.h */ = {isa = PBXFileReference; fileEncoding = 4; lastKnownFileType = sourcecode.c.h; path = OITRootViewController.h; sourceTree = "<group>"; };
		4E8A9061138213500085C6E5 /* OITRootViewController.m */ = {isa = PBXFileReference; fileEncoding = 4; lastKnownFileType = sourcecode.c.objc; path = OITRootViewController.m; sourceTree = "<group>"; };
		4E8A9062138213500085C6E5 /* OITRootViewController.xib */ = {isa = PBXFileReference; fileEncoding = 4; lastKnownFileType = file.xib; path = OITRootViewController.xib; sourceTree = "<group>"; };
		4EB928FD13804963005486B1 /* lab2DasClock.app */ = {isa = PBXFileReference; explicitFileType = wrapper.application; includeInIndex = 0; path = lab2DasClock.app; sourceTree = BUILT_PRODUCTS_DIR; };
		4EB9290113804963005486B1 /* Cocoa.framework */ = {isa = PBXFileReference; lastKnownFileType = wrapper.framework; name = Cocoa.framework; path = System/Library/Frameworks/Cocoa.framework; sourceTree = SDKROOT; };
		4EB9290413804963005486B1 /* AppKit.framework */ = {isa = PBXFileReference; lastKnownFileType = wrapper.framework; name = AppKit.framework; path = System/Library/Frameworks/AppKit.framework; sourceTree = SDKROOT; };
		4EB9290513804963005486B1 /* CoreData.framework */ = {isa = PBXFileReference; lastKnownFileType = wrapper.framework; name = CoreData.framework; path = System/Library/Frameworks/CoreData.framework; sourceTree = SDKROOT; };
		4EB9290613804963005486B1 /* Foundation.framework */ = {isa = PBXFileReference; lastKnownFileType = wrapper.framework; name = Foundation.framework; path = System/Library/Frameworks/Foundation.framework; sourceTree = SDKROOT; };
		4EB9290913804963005486B1 /* lab2DasClock-Info.plist */ = {isa = PBXFileReference; lastKnownFileType = text.plist.xml; path = "lab2DasClock-Info.plist"; sourceTree = "<group>"; };
		4EB9290B13804963005486B1 /* en */ = {isa = PBXFileReference; lastKnownFileType = text.plist.strings; name = en; path = en.lproj/InfoPlist.strings; sourceTree = "<group>"; };
		4EB9290D13804963005486B1 /* lab2DasClock-Prefix.pch */ = {isa = PBXFileReference; lastKnownFileType = sourcecode.c.h; path = "lab2DasClock-Prefix.pch"; sourceTree = "<group>"; };
		4EB9290E13804963005486B1 /* main.m */ = {isa = PBXFileReference; lastKnownFileType = sourcecode.c.objc; path = main.m; sourceTree = "<group>"; };
		4EB9291113804963005486B1 /* en */ = {isa = PBXFileReference; lastKnownFileType = text.rtf; name = en; path = en.lproj/Credits.rtf; sourceTree = "<group>"; };
		4EB9291313804963005486B1 /* lab2DasClockAppDelegate.h */ = {isa = PBXFileReference; lastKnownFileType = sourcecode.c.h; path = lab2DasClockAppDelegate.h; sourceTree = "<group>"; };
		4EB9291413804963005486B1 /* lab2DasClockAppDelegate.m */ = {isa = PBXFileReference; lastKnownFileType = sourcecode.c.objc; path = lab2DasClockAppDelegate.m; sourceTree = "<group>"; };
		4EB9291713804963005486B1 /* en */ = {isa = PBXFileReference; lastKnownFileType = file.xib; name = en; path = en.lproj/MainMenu.xib; sourceTree = "<group>"; };
		4EE4A7DA138CD7F200A228ED /* OITDigitalNumberSet.h */ = {isa = PBXFileReference; fileEncoding = 4; lastKnownFileType = sourcecode.c.h; path = OITDigitalNumberSet.h; sourceTree = "<group>"; };
		4EE4A7DB138CD7F200A228ED /* OITDigitalNumberSet.m */ = {isa = PBXFileReference; fileEncoding = 4; lastKnownFileType = sourcecode.c.objc; path = OITDigitalNumberSet.m; sourceTree = "<group>"; };
		4EE4A7E0138CF5C300A228ED /* OITAnalogClockController.h */ = {isa = PBXFileReference; fileEncoding = 4; lastKnownFileType = sourcecode.c.h; path = OITAnalogClockController.h; sourceTree = "<group>"; };
		4EE4A7E1138CF5C300A228ED /* OITAnalogClockController.m */ = {isa = PBXFileReference; fileEncoding = 4; lastKnownFileType = sourcecode.c.objc; path = OITAnalogClockController.m; sourceTree = "<group>"; };
		4EE4A7E2138CF5C300A228ED /* OITAnalogClockController.xib */ = {isa = PBXFileReference; fileEncoding = 4; lastKnownFileType = file.xib; path = OITAnalogClockController.xib; sourceTree = "<group>"; };
		4EE4A7E5138CFD1E00A228ED /* clock_bg.png */ = {isa = PBXFileReference; lastKnownFileType = image.png; path = clock_bg.png; sourceTree = "<group>"; };
/* End PBXFileReference section */

/* Begin PBXFrameworksBuildPhase section */
		4EB928FA13804963005486B1 /* Frameworks */ = {
			isa = PBXFrameworksBuildPhase;
			buildActionMask = 2147483647;
			files = (
				4EB9290213804963005486B1 /* Cocoa.framework in Frameworks */,
			);
			runOnlyForDeploymentPostprocessing = 0;
		};
/* End PBXFrameworksBuildPhase section */

/* Begin PBXGroup section */
		4E566E211383928A00451F6F /* Clocks */ = {
			isa = PBXGroup;
			children = (
				4E566E1C1383927F00451F6F /* OITClockController.h */,
				4E566E1D1383927F00451F6F /* OITClockController.m */,
				4E464C34138D716900DBC9AA /* OITAbstractClockElementController.h */,
				4E464C35138D716900DBC9AA /* OITAbstractClockElementController.m */,
				4EE4A7DF138CF59000A228ED /* AnalogControllers */,
				4EE4A7DE138CF56B00A228ED /* DigitalControllers */,
			);
			name = Clocks;
			sourceTree = "<group>";
		};
		4E8A905813820E1F0085C6E5 /* Classes */ = {
			isa = PBXGroup;
			children = (
				4E8A905C13820E3A0085C6E5 /* View */,
				4E8A905B13820E330085C6E5 /* Controller */,
				4E8A905A13820E280085C6E5 /* Model */,
			);
			name = Classes;
			sourceTree = "<group>";
		};
		4E8A905A13820E280085C6E5 /* Model */ = {
			isa = PBXGroup;
			children = (
				4E566E0B138389D100451F6F /* OITComboBoxDataSource.h */,
				4E566E0C138389D100451F6F /* OITComboBoxDataSource.m */,
				4E566E221383945F00451F6F /* OITTimeModel.h */,
				4E566E231383945F00451F6F /* OITTimeModel.m */,
			);
			name = Model;
			sourceTree = "<group>";
		};
		4E8A905B13820E330085C6E5 /* Controller */ = {
			isa = PBXGroup;
			children = (
				4E8A9060138213500085C6E5 /* OITRootViewController.h */,
				4E8A9061138213500085C6E5 /* OITRootViewController.m */,
				4E566E211383928A00451F6F /* Clocks */,
			);
			name = Controller;
			sourceTree = "<group>";
		};
		4E8A905C13820E3A0085C6E5 /* View */ = {
			isa = PBXGroup;
			children = (
				4EB9291613804963005486B1 /* MainMenu.xib */,
				4E8A9062138213500085C6E5 /* OITRootViewController.xib */,
				4E566E141383912F00451F6F /* OITSevenSegmentDigitController.xib */,
				4E566E1E1383927F00451F6F /* OITClockController.xib */,
				4E566E191383926C00451F6F /* OITDigitalClockController.xib */,
				4EE4A7E2138CF5C300A228ED /* OITAnalogClockController.xib */,
			);
			name = View;
			sourceTree = "<group>";
		};
		4EB928F213804962005486B1 = {
			isa = PBXGroup;
			children = (
				4EB9290713804963005486B1 /* lab2DasClock */,
				4EB9290013804963005486B1 /* Frameworks */,
				4EB928FE13804963005486B1 /* Products */,
			);
			sourceTree = "<group>";
		};
		4EB928FE13804963005486B1 /* Products */ = {
			isa = PBXGroup;
			children = (
				4EB928FD13804963005486B1 /* lab2DasClock.app */,
			);
			name = Products;
			sourceTree = "<group>";
		};
		4EB9290013804963005486B1 /* Frameworks */ = {
			isa = PBXGroup;
			children = (
				4EB9290113804963005486B1 /* Cocoa.framework */,
				4EB9290313804963005486B1 /* Other Frameworks */,
			);
			name = Frameworks;
			sourceTree = "<group>";
		};
		4EB9290313804963005486B1 /* Other Frameworks */ = {
			isa = PBXGroup;
			children = (
				4EB9290413804963005486B1 /* AppKit.framework */,
				4EB9290513804963005486B1 /* CoreData.framework */,
				4EB9290613804963005486B1 /* Foundation.framework */,
			);
			name = "Other Frameworks";
			sourceTree = "<group>";
		};
		4EB9290713804963005486B1 /* lab2DasClock */ = {
			isa = PBXGroup;
			children = (
				4EB9291313804963005486B1 /* lab2DasClockAppDelegate.h */,
				4EB9291413804963005486B1 /* lab2DasClockAppDelegate.m */,
				4E8A905813820E1F0085C6E5 /* Classes */,
				4EB9290813804963005486B1 /* Supporting Files */,
			);
			path = lab2DasClock;
			sourceTree = "<group>";
		};
		4EB9290813804963005486B1 /* Supporting Files */ = {
			isa = PBXGroup;
			children = (
				4E464C2A138D69D700DBC9AA /* clock_seconds.png */,
				4E464C2B138D69D700DBC9AA /* clock_minute.png */,
				4E464C2C138D69D700DBC9AA /* clock_hour.png */,
				4EE4A7E5138CFD1E00A228ED /* clock_bg.png */,
				4EB9290913804963005486B1 /* lab2DasClock-Info.plist */,
				4EB9290A13804963005486B1 /* InfoPlist.strings */,
				4EB9290D13804963005486B1 /* lab2DasClock-Prefix.pch */,
				4EB9290E13804963005486B1 /* main.m */,
				4EB9291013804963005486B1 /* Credits.rtf */,
			);
			name = "Supporting Files";
			sourceTree = "<group>";
		};
		4EE4A7DE138CF56B00A228ED /* DigitalControllers */ = {
			isa = PBXGroup;
			children = (
				4E566E171383926C00451F6F /* OITDigitalClockController.h */,
				4E566E181383926C00451F6F /* OITDigitalClockController.m */,
				4E566E121383912F00451F6F /* OITSevenSegmentDigitController.h */,
				4E566E131383912F00451F6F /* OITSevenSegmentDigitController.m */,
				4EE4A7DA138CD7F200A228ED /* OITDigitalNumberSet.h */,
				4EE4A7DB138CD7F200A228ED /* OITDigitalNumberSet.m */,
			);
			name = DigitalControllers;
			sourceTree = "<group>";
		};
		4EE4A7DF138CF59000A228ED /* AnalogControllers */ = {
			isa = PBXGroup;
			children = (
				4EE4A7E0138CF5C300A228ED /* OITAnalogClockController.h */,
				4EE4A7E1138CF5C300A228ED /* OITAnalogClockController.m */,
				4E464C31138D707200DBC9AA /* OITClockAnalogHand.h */,
				4E464C32138D707200DBC9AA /* OITClockAnalogHand.m */,
			);
			name = AnalogControllers;
			sourceTree = "<group>";
		};
/* End PBXGroup section */

/* Begin PBXNativeTarget section */
		4EB928FC13804963005486B1 /* lab2DasClock */ = {
			isa = PBXNativeTarget;
			buildConfigurationList = 4EB9291B13804963005486B1 /* Build configuration list for PBXNativeTarget "lab2DasClock" */;
			buildPhases = (
				4EB928F913804963005486B1 /* Sources */,
				4EB928FA13804963005486B1 /* Frameworks */,
				4EB928FB13804963005486B1 /* Resources */,
			);
			buildRules = (
			);
			dependencies = (
			);
			name = lab2DasClock;
			productName = lab2DasClock;
			productReference = 4EB928FD13804963005486B1 /* lab2DasClock.app */;
			productType = "com.apple.product-type.application";
		};
/* End PBXNativeTarget section */

/* Begin PBXProject section */
		4EB928F413804962005486B1 /* Project object */ = {
			isa = PBXProject;
			buildConfigurationList = 4EB928F713804962005486B1 /* Build configuration list for PBXProject "lab2DasClock" */;
			compatibilityVersion = "Xcode 3.2";
			developmentRegion = English;
			hasScannedForEncodings = 0;
			knownRegions = (
				en,
			);
			mainGroup = 4EB928F213804962005486B1;
			productRefGroup = 4EB928FE13804963005486B1 /* Products */;
			projectDirPath = "";
			projectRoot = "";
			targets = (
				4EB928FC13804963005486B1 /* lab2DasClock */,
			);
		};
/* End PBXProject section */

/* Begin PBXResourcesBuildPhase section */
		4EB928FB13804963005486B1 /* Resources */ = {
			isa = PBXResourcesBuildPhase;
			buildActionMask = 2147483647;
			files = (
				4EB9290C13804963005486B1 /* InfoPlist.strings in Resources */,
				4EB9291213804963005486B1 /* Credits.rtf in Resources */,
				4EB9291813804963005486B1 /* MainMenu.xib in Resources */,
				4E8A9064138213500085C6E5 /* OITRootViewController.xib in Resources */,
				4E566E161383912F00451F6F /* OITSevenSegmentDigitController.xib in Resources */,
				4E566E1B1383926D00451F6F /* OITDigitalClockController.xib in Resources */,
				4E566E201383927F00451F6F /* OITClockController.xib in Resources */,
				4EE4A7E4138CF5C300A228ED /* OITAnalogClockController.xib in Resources */,
				4EE4A7E6138CFD1E00A228ED /* clock_bg.png in Resources */,
				4E464C2D138D69D700DBC9AA /* clock_seconds.png in Resources */,
				4E464C2E138D69D700DBC9AA /* clock_minute.png in Resources */,
				4E464C2F138D69D700DBC9AA /* clock_hour.png in Resources */,
			);
			runOnlyForDeploymentPostprocessing = 0;
		};
/* End PBXResourcesBuildPhase section */

/* Begin PBXSourcesBuildPhase section */
		4EB928F913804963005486B1 /* Sources */ = {
			isa = PBXSourcesBuildPhase;
			buildActionMask = 2147483647;
			files = (
				4EB9290F13804963005486B1 /* main.m in Sources */,
				4EB9291513804963005486B1 /* lab2DasClockAppDelegate.m in Sources */,
				4E8A9063138213500085C6E5 /* OITRootViewController.m in Sources */,
				4E566E0D138389D100451F6F /* OITComboBoxDataSource.m in Sources */,
				4E566E151383912F00451F6F /* OITSevenSegmentDigitController.m in Sources */,
				4E566E1A1383926D00451F6F /* OITDigitalClockController.m in Sources */,
				4E566E1F1383927F00451F6F /* OITClockController.m in Sources */,
				4E566E241383945F00451F6F /* OITTimeModel.m in Sources */,
				4EE4A7DC138CD7F200A228ED /* OITDigitalNumberSet.m in Sources */,
				4EE4A7E3138CF5C300A228ED /* OITAnalogClockController.m in Sources */,
				4E464C33138D707200DBC9AA /* OITClockAnalogHand.m in Sources */,
				4E464C37138D716A00DBC9AA /* OITAbstractClockElementController.m in Sources */,
			);
			runOnlyForDeploymentPostprocessing = 0;
		};
/* End PBXSourcesBuildPhase section */

/* Begin PBXVariantGroup section */
		4EB9290A13804963005486B1 /* InfoPlist.strings */ = {
			isa = PBXVariantGroup;
			children = (
				4EB9290B13804963005486B1 /* en */,
			);
			name = InfoPlist.strings;
			sourceTree = "<group>";
		};
		4EB9291013804963005486B1 /* Credits.rtf */ = {
			isa = PBXVariantGroup;
			children = (
				4EB9291113804963005486B1 /* en */,
			);
			name = Credits.rtf;
			sourceTree = "<group>";
		};
		4EB9291613804963005486B1 /* MainMenu.xib */ = {
			isa = PBXVariantGroup;
			children = (
				4EB9291713804963005486B1 /* en */,
			);
			name = MainMenu.xib;
			sourceTree = "<group>";
		};
/* End PBXVariantGroup section */

/* Begin XCBuildConfiguration section */
		4EB9291913804963005486B1 /* Debug */ = {
			isa = XCBuildConfiguration;
			buildSettings = {
				ARCHS = "$(ARCHS_STANDARD_32_64_BIT)";
				GCC_C_LANGUAGE_STANDARD = gnu99;
				GCC_OPTIMIZATION_LEVEL = 0;
				GCC_PREPROCESSOR_DEFINITIONS = DEBUG;
				GCC_SYMBOLS_PRIVATE_EXTERN = NO;
				GCC_VERSION = com.apple.compilers.llvm.clang.1_0;
				GCC_WARN_64_TO_32_BIT_CONVERSION = YES;
				GCC_WARN_ABOUT_RETURN_TYPE = YES;
				GCC_WARN_UNUSED_VARIABLE = YES;
				MACOSX_DEPLOYMENT_TARGET = 10.6;
				ONLY_ACTIVE_ARCH = YES;
				SDKROOT = macosx;
			};
			name = Debug;
		};
		4EB9291A13804963005486B1 /* Release */ = {
			isa = XCBuildConfiguration;
			buildSettings = {
				ARCHS = "$(ARCHS_STANDARD_32_64_BIT)";
				GCC_C_LANGUAGE_STANDARD = gnu99;
				GCC_VERSION = com.apple.compilers.llvm.clang.1_0;
				GCC_WARN_64_TO_32_BIT_CONVERSION = YES;
				GCC_WARN_ABOUT_RETURN_TYPE = YES;
				GCC_WARN_UNUSED_VARIABLE = YES;
				MACOSX_DEPLOYMENT_TARGET = 10.6;
				SDKROOT = macosx;
			};
			name = Release;
		};
		4EB9291C13804963005486B1 /* Debug */ = {
			isa = XCBuildConfiguration;
			buildSettings = {
				ALWAYS_SEARCH_USER_PATHS = NO;
				COPY_PHASE_STRIP = NO;
				GCC_DYNAMIC_NO_PIC = NO;
				GCC_ENABLE_OBJC_EXCEPTIONS = YES;
				GCC_PRECOMPILE_PREFIX_HEADER = YES;
				GCC_PREFIX_HEADER = "lab2DasClock/lab2DasClock-Prefix.pch";
				INFOPLIST_FILE = "lab2DasClock/lab2DasClock-Info.plist";
				PRODUCT_NAME = "$(TARGET_NAME)";
				WRAPPER_EXTENSION = app;
			};
			name = Debug;
		};
		4EB9291D13804963005486B1 /* Release */ = {
			isa = XCBuildConfiguration;
			buildSettings = {
				ALWAYS_SEARCH_USER_PATHS = NO;
				COPY_PHASE_STRIP = YES;
				DEBUG_INFORMATION_FORMAT = "dwarf-with-dsym";
				GCC_ENABLE_OBJC_EXCEPTIONS = YES;
				GCC_PRECOMPILE_PREFIX_HEADER = YES;
				GCC_PREFIX_HEADER = "lab2DasClock/lab2DasClock-Prefix.pch";
				INFOPLIST_FILE = "lab2DasClock/lab2DasClock-Info.plist";
				PRODUCT_NAME = "$(TARGET_NAME)";
				WRAPPER_EXTENSION = app;
			};
			name = Release;
		};
/* End XCBuildConfiguration section */

/* Begin XCConfigurationList section */
		4EB928F713804962005486B1 /* Build configuration list for PBXProject "lab2DasClock" */ = {
			isa = XCConfigurationList;
			buildConfigurations = (
				4EB9291913804963005486B1 /* Debug */,
				4EB9291A13804963005486B1 /* Release */,
			);
			defaultConfigurationIsVisible = 0;
			defaultConfigurationName = Release;
		};
		4EB9291B13804963005486B1 /* Build configuration list for PBXNativeTarget "lab2DasClock" */ = {
			isa = XCConfigurationList;
			buildConfigurations = (
				4EB9291C13804963005486B1 /* Debug */,
				4EB9291D13804963005486B1 /* Release */,
			);
			defaultConfigurationIsVisible = 0;
			defaultConfigurationName = Release;
		};
/* End XCConfigurationList section */
	};
	rootObject = 4EB928F413804962005486B1 /* Project object */;
}
